{
  "version": 4,
  "terraform_version": "1.2.5",
  "serial": 3,
  "lineage": "37626d88-077c-e9a1-6364-5b1935357322",
  "outputs": {},
  "resources": [
    {
      "mode": "managed",
      "type": "azurerm_resource_group",
      "name": "rg",
      "provider": "provider[\"registry.terraform.io/hashicorp/azurerm\"]",
      "instances": [
        {
          "schema_version": 0,
          "attributes": {
            "id": "/subscriptions/2a59f0d8-519c-469a-b800-995d30342f3a/resourceGroups/mscoerg1",
            "location": "southindia",
            "name": "mscoerg1",
            "tags": null,
            "timeouts": null
          },
          "sensitive_attributes": [],
          "private": "eyJlMmJmYjczMC1lY2FhLTExZTYtOGY4OC0zNDM2M2JjN2M0YzAiOnsiY3JlYXRlIjo1NDAwMDAwMDAwMDAwLCJkZWxldGUiOjU0MDAwMDAwMDAwMDAsInJlYWQiOjMwMDAwMDAwMDAwMCwidXBkYXRlIjo1NDAwMDAwMDAwMDAwfX0="
        }
      ]
    },
    {
      "mode": "managed",
      "type": "azurerm_storage_account",
      "name": "str",
      "provider": "provider[\"registry.terraform.io/hashicorp/azurerm\"]",
      "instances": [
        {
          "schema_version": 3,
          "attributes": {
            "access_tier": "Hot",
            "account_kind": "StorageV2",
            "account_replication_type": "LRS",
            "account_tier": "Standard",
            "allow_nested_items_to_be_public": true,
            "azure_files_authentication": [],
            "blob_properties": [
              {
                "change_feed_enabled": false,
                "container_delete_retention_policy": [],
                "cors_rule": [],
                "default_service_version": "",
                "delete_retention_policy": [],
                "last_access_time_enabled": false,
                "versioning_enabled": false
              }
            ],
            "custom_domain": [],
            "customer_managed_key": [],
            "edge_zone": "",
            "enable_https_traffic_only": true,
            "id": "/subscriptions/2a59f0d8-519c-469a-b800-995d30342f3a/resourceGroups/mscoerg1/providers/Microsoft.Storage/storageAccounts/mscoestorage1",
            "identity": [],
            "infrastructure_encryption_enabled": false,
            "is_hns_enabled": false,
            "large_file_share_enabled": null,
            "location": "southindia",
            "min_tls_version": "TLS1_2",
            "name": "mscoestorage1",
            "network_rules": [
              {
                "bypass": [
                  "AzureServices"
                ],
                "default_action": "Allow",
                "ip_rules": [],
                "private_link_access": [],
                "virtual_network_subnet_ids": []
              }
            ],
            "nfsv3_enabled": false,
            "primary_access_key": "vIpa0a69L5WZAkTIpEy422T04t5/K15o/8rbglBxwZLjGjOqrP8srfswNVfRDgqSuLiLRnqZqaBq+AStW9b6XQ==",
            "primary_blob_connection_string": "DefaultEndpointsProtocol=https;BlobEndpoint=https://mscoestorage1.blob.core.windows.net/;AccountName=mscoestorage1;AccountKey=vIpa0a69L5WZAkTIpEy422T04t5/K15o/8rbglBxwZLjGjOqrP8srfswNVfRDgqSuLiLRnqZqaBq+AStW9b6XQ==",
            "primary_blob_endpoint": "https://mscoestorage1.blob.core.windows.net/",
            "primary_blob_host": "mscoestorage1.blob.core.windows.net",
            "primary_connection_string": "DefaultEndpointsProtocol=https;AccountName=mscoestorage1;AccountKey=vIpa0a69L5WZAkTIpEy422T04t5/K15o/8rbglBxwZLjGjOqrP8srfswNVfRDgqSuLiLRnqZqaBq+AStW9b6XQ==;EndpointSuffix=core.windows.net",
            "primary_dfs_endpoint": "https://mscoestorage1.dfs.core.windows.net/",
            "primary_dfs_host": "mscoestorage1.dfs.core.windows.net",
            "primary_file_endpoint": "https://mscoestorage1.file.core.windows.net/",
            "primary_file_host": "mscoestorage1.file.core.windows.net",
            "primary_location": "southindia",
            "primary_queue_endpoint": "https://mscoestorage1.queue.core.windows.net/",
            "primary_queue_host": "mscoestorage1.queue.core.windows.net",
            "primary_table_endpoint": "https://mscoestorage1.table.core.windows.net/",
            "primary_table_host": "mscoestorage1.table.core.windows.net",
            "primary_web_endpoint": "https://mscoestorage1.z30.web.core.windows.net/",
            "primary_web_host": "mscoestorage1.z30.web.core.windows.net",
            "queue_encryption_key_type": "Service",
            "queue_properties": [
              {
                "cors_rule": [],
                "hour_metrics": [
                  {
                    "enabled": true,
                    "include_apis": true,
                    "retention_policy_days": 7,
                    "version": "1.0"
                  }
                ],
                "logging": [
                  {
                    "delete": false,
                    "read": false,
                    "retention_policy_days": 0,
                    "version": "1.0",
                    "write": false
                  }
                ],
                "minute_metrics": [
                  {
                    "enabled": false,
                    "include_apis": false,
                    "retention_policy_days": 0,
                    "version": "1.0"
                  }
                ]
              }
            ],
            "resource_group_name": "mscoerg1",
            "routing": [],
            "secondary_access_key": "UbkXVkRlDRGrR+R4k9VpwCTHYIaQ6tSsXJX7o9CNar7zVTAS4y/tWhCNYVObyKyvSgjCsWyWevDg+AStmPOcKA==",
            "secondary_blob_connection_string": "",
            "secondary_blob_endpoint": null,
            "secondary_blob_host": null,
            "secondary_connection_string": "DefaultEndpointsProtocol=https;AccountName=mscoestorage1;AccountKey=UbkXVkRlDRGrR+R4k9VpwCTHYIaQ6tSsXJX7o9CNar7zVTAS4y/tWhCNYVObyKyvSgjCsWyWevDg+AStmPOcKA==;EndpointSuffix=core.windows.net",
            "secondary_dfs_endpoint": null,
            "secondary_dfs_host": null,
            "secondary_file_endpoint": null,
            "secondary_file_host": null,
            "secondary_location": "",
            "secondary_queue_endpoint": null,
            "secondary_queue_host": null,
            "secondary_table_endpoint": null,
            "secondary_table_host": null,
            "secondary_web_endpoint": null,
            "secondary_web_host": null,
            "share_properties": [
              {
                "cors_rule": [],
                "retention_policy": [
                  {
                    "days": 7
                  }
                ],
                "smb": []
              }
            ],
            "shared_access_key_enabled": true,
            "static_website": [],
            "table_encryption_key_type": "Service",
            "tags": {
              "environment": "stage"
            },
            "timeouts": null
          },
          "sensitive_attributes": [],
          "private": "eyJlMmJmYjczMC1lY2FhLTExZTYtOGY4OC0zNDM2M2JjN2M0YzAiOnsiY3JlYXRlIjozNjAwMDAwMDAwMDAwLCJkZWxldGUiOjM2MDAwMDAwMDAwMDAsInJlYWQiOjMwMDAwMDAwMDAwMCwidXBkYXRlIjozNjAwMDAwMDAwMDAwfSwic2NoZW1hX3ZlcnNpb24iOiIzIn0=",
          "dependencies": [
            "azurerm_resource_group.rg"
          ]
        }
      ]
    }
  ]
}
